
Microsoft Visual Studio Solution File, Format Version 12.00
# Visual Studio Version 16
VisualStudioVersion = 16.0.32228.343
MinimumVisualStudioVersion = 10.0.40219.1
Project("{8BC9CEB8-8B4A-11D0-8D11-00A0C91BC942}") = "Procedural Terrain Generator", "Procedural Terrain Generator.vcxproj", "{57A43F80-AEF7-4110-92B6-A98556D731A9}"
EndProject
Global
	GlobalSection(SolutionConfigurationPlatforms) = preSolution
		Debug|x64 = Debug|x64
		Release|x64 = Release|x64
	EndGlobalSection
	GlobalSection(ProjectConfigurationPlatforms) = postSolution
		{57A43F80-AEF7-4110-92B6-A98556D731A9}.Debug|x64.ActiveCfg = Debug|x64
		{57A43F80-AEF7-4110-92B6-A98556D731A9}.Debug|x64.Build.0 = Debug|x64
		{57A43F80-AEF7-4110-92B6-A98556D731A9}.Release|x64.ActiveCfg = Release|x64
		{57A43F80-AEF7-4110-92B6-A98556D731A9}.Release|x64.Build.0 = Release|x64
	EndGlobalSection
	GlobalSection(SolutionProperties) = preSolution
		HideSolutionNode = FALSE
	EndGlobalSection
	GlobalSection(ExtensibilityGlobals) = postSolution
		SolutionGuid = {962E136A-9A5A-4905-9F89-48B92F2780A8}
	EndGlobalSection
EndGlobal
